Microsoft Visual Studio Solution File, Format Version 12.00
# Visual Studio Version 17
VisualStudioVersion = 17.5.2.0
MinimumVisualStudioVersion = 10.0.40219.1
Project("{FAE04EC0-301F-11D3-BF4B-00C04F79EFBC}") = "SocialDashBackEnd", "SocialDashBackEnd.csproj", "{D143B1DD-534B-B976-F36E-25E5BFCA2370}"
EndProject
Global
	GlobalSection(SolutionConfigurationPlatforms) = preSolution
		Debug|Any CPU = Debug|Any CPU
		Release|Any CPU = Release|Any CPU
	EndGlobalSection
	GlobalSection(ProjectConfigurationPlatforms) = postSolution
		{D143B1DD-534B-B976-F36E-25E5BFCA2370}.Debug|Any CPU.ActiveCfg = Debug|Any CPU
		{D143B1DD-534B-B976-F36E-25E5BFCA2370}.Debug|Any CPU.Build.0 = Debug|Any CPU
		{D143B1DD-534B-B976-F36E-25E5BFCA2370}.Release|Any CPU.ActiveCfg = Release|Any CPU
		{D143B1DD-534B-B976-F36E-25E5BFCA2370}.Release|Any CPU.Build.0 = Release|Any CPU
	EndGlobalSection
	GlobalSection(SolutionProperties) = preSolution
		HideSolutionNode = FALSE
	EndGlobalSection
	GlobalSection(ExtensibilityGlobals) = postSolution
		SolutionGuid = {EFE7BE7D-CD99-4F15-B882-F2F686486216}
	EndGlobalSection
EndGlobal
